// !$*UTF8*$!
{
	archiveVersion = 1;
	classes = {
	};
	objectVersion = 50;
	objects = {

/* Begin PBXBuildFile section */
		6D0BB35F25318C2C00CFE1F1 /* Coordinator.swift in Sources */ = {isa = PBXBuildFile; fileRef = 6D0BB35E25318C2C00CFE1F1 /* Coordinator.swift */; };
		6D0BB36125318FA300CFE1F1 /* ApplicationCoordinator.swift in Sources */ = {isa = PBXBuildFile; fileRef = 6D0BB36025318FA300CFE1F1 /* ApplicationCoordinator.swift */; };
		6D0BB36425318FEB00CFE1F1 /* MovieListViewCoordinator.swift in Sources */ = {isa = PBXBuildFile; fileRef = 6D0BB36325318FEB00CFE1F1 /* MovieListViewCoordinator.swift */; };
		6D0BB3662531BC0C00CFE1F1 /* UIViewControllerExtension.swift in Sources */ = {isa = PBXBuildFile; fileRef = 6D0BB3652531BC0C00CFE1F1 /* UIViewControllerExtension.swift */; };
		6D0BB3692531BC9100CFE1F1 /* ErrorStateViewController.swift in Sources */ = {isa = PBXBuildFile; fileRef = 6D0BB3682531BC9100CFE1F1 /* ErrorStateViewController.swift */; };
		6D0BB36B2531C96900CFE1F1 /* ActivityStateViewController.swift in Sources */ = {isa = PBXBuildFile; fileRef = 6D0BB36A2531C96900CFE1F1 /* ActivityStateViewController.swift */; };
		6D0BB36D2531CD6400CFE1F1 /* MovieListingContentViewController.swift in Sources */ = {isa = PBXBuildFile; fileRef = 6D0BB36C2531CD6400CFE1F1 /* MovieListingContentViewController.swift */; };
		6D112CB32530625A00BD5363 /* URLExtension.swift in Sources */ = {isa = PBXBuildFile; fileRef = 6D112CB22530625A00BD5363 /* URLExtension.swift */; };
		6D112CB5253088C800BD5363 /* MovieListingRequestEndPoint.swift in Sources */ = {isa = PBXBuildFile; fileRef = 6D112CB4253088C800BD5363 /* MovieListingRequestEndPoint.swift */; };
		6D112CB725308DC100BD5363 /* Constants.swift in Sources */ = {isa = PBXBuildFile; fileRef = 6D112CB625308DC100BD5363 /* Constants.swift */; };
		6D112CB925308E6700BD5363 /* QueryParamsProvider.swift in Sources */ = {isa = PBXBuildFile; fileRef = 6D112CB825308E6700BD5363 /* QueryParamsProvider.swift */; };
		6D112CBC2530912300BD5363 /* BasicQueryParamsProvider.swift in Sources */ = {isa = PBXBuildFile; fileRef = 6D112CBB2530912300BD5363 /* BasicQueryParamsProvider.swift */; };
		6D112CBE2530914000BD5363 /* PaginatedQueryParamsProvider.swift in Sources */ = {isa = PBXBuildFile; fileRef = 6D112CBD2530914000BD5363 /* PaginatedQueryParamsProvider.swift */; };
		6D112CC0253094FD00BD5363 /* MovieListingRequestManager.swift in Sources */ = {isa = PBXBuildFile; fileRef = 6D112CBF253094FD00BD5363 /* MovieListingRequestManager.swift */; };
		6D112CC225309E5100BD5363 /* Movie.swift in Sources */ = {isa = PBXBuildFile; fileRef = 6D112CC125309E5100BD5363 /* Movie.swift */; };
		6D112CC42530A9E200BD5363 /* DateFormatterExtension.swift in Sources */ = {isa = PBXBuildFile; fileRef = 6D112CC32530A9E200BD5363 /* DateFormatterExtension.swift */; };
		6D112CC62530BC0B00BD5363 /* ResponseMapper.swift in Sources */ = {isa = PBXBuildFile; fileRef = 6D112CC52530BC0B00BD5363 /* ResponseMapper.swift */; };
		6D112CC82530BCAA00BD5363 /* JSONResponseMapper.swift in Sources */ = {isa = PBXBuildFile; fileRef = 6D112CC72530BCAA00BD5363 /* JSONResponseMapper.swift */; };
		6D112CCA2530BCD800BD5363 /* JSONDecoderExtension.swift in Sources */ = {isa = PBXBuildFile; fileRef = 6D112CC92530BCD800BD5363 /* JSONDecoderExtension.swift */; };
		6D112CCD2530C35D00BD5363 /* MovieDetailsRequestEndPoint.swift in Sources */ = {isa = PBXBuildFile; fileRef = 6D112CCC2530C35D00BD5363 /* MovieDetailsRequestEndPoint.swift */; };
		6D112CCF2530C4DB00BD5363 /* MovieReviewsRequestEndPoint.swift in Sources */ = {isa = PBXBuildFile; fileRef = 6D112CCE2530C4DB00BD5363 /* MovieReviewsRequestEndPoint.swift */; };
		6D112CD12530C50600BD5363 /* MovieCreditsRequestEndPoint.swift in Sources */ = {isa = PBXBuildFile; fileRef = 6D112CD02530C50600BD5363 /* MovieCreditsRequestEndPoint.swift */; };
		6D112CD32530C61400BD5363 /* SimilarMoviesRequestEndPoint.swift in Sources */ = {isa = PBXBuildFile; fileRef = 6D112CD22530C61400BD5363 /* SimilarMoviesRequestEndPoint.swift */; };
		6D112CD52530C81800BD5363 /* Cast.swift in Sources */ = {isa = PBXBuildFile; fileRef = 6D112CD42530C81800BD5363 /* Cast.swift */; };
		6D112CD72530CB7C00BD5363 /* Crew.swift in Sources */ = {isa = PBXBuildFile; fileRef = 6D112CD62530CB7C00BD5363 /* Crew.swift */; };
		6D112CD92530CD7800BD5363 /* Review.swift in Sources */ = {isa = PBXBuildFile; fileRef = 6D112CD82530CD7800BD5363 /* Review.swift */; };
		6D112CDB2530D58600BD5363 /* Credits.swift in Sources */ = {isa = PBXBuildFile; fileRef = 6D112CDA2530D58600BD5363 /* Credits.swift */; };
		6D112CDD2530D67B00BD5363 /* ResponseList.swift in Sources */ = {isa = PBXBuildFile; fileRef = 6D112CDC2530D67B00BD5363 /* ResponseList.swift */; };
		6D112CDF2530D73100BD5363 /* MovieDetailsRequestManager.swift in Sources */ = {isa = PBXBuildFile; fileRef = 6D112CDE2530D73100BD5363 /* MovieDetailsRequestManager.swift */; };
		6D6DFD0B252F98DE00217149 /* HTTPHeader.swift in Sources */ = {isa = PBXBuildFile; fileRef = 6D6DFD0A252F98DE00217149 /* HTTPHeader.swift */; };
		6D6DFD0D252F9A0100217149 /* HTTPHeaderProvider.swift in Sources */ = {isa = PBXBuildFile; fileRef = 6D6DFD0C252F9A0100217149 /* HTTPHeaderProvider.swift */; };
		6D6DFD0F252F9B4E00217149 /* RequestBuilder.swift in Sources */ = {isa = PBXBuildFile; fileRef = 6D6DFD0E252F9B4E00217149 /* RequestBuilder.swift */; };
		6D6DFD11252FA17C00217149 /* APIRequestError.swift in Sources */ = {isa = PBXBuildFile; fileRef = 6D6DFD10252FA17C00217149 /* APIRequestError.swift */; };
		6D6DFD13252FA5EC00217149 /* APIResponseValidator.swift in Sources */ = {isa = PBXBuildFile; fileRef = 6D6DFD12252FA5EC00217149 /* APIResponseValidator.swift */; };
		6D6DFD15252FA65900217149 /* RequestPerformer.swift in Sources */ = {isa = PBXBuildFile; fileRef = 6D6DFD14252FA65900217149 /* RequestPerformer.swift */; };
		6D6DFD17252FB1BE00217149 /* RestClient.swift in Sources */ = {isa = PBXBuildFile; fileRef = 6D6DFD16252FB1BE00217149 /* RestClient.swift */; };
		6DCBFEE6252E332100D351A7 /* AppDelegate.swift in Sources */ = {isa = PBXBuildFile; fileRef = 6DCBFEE5252E332100D351A7 /* AppDelegate.swift */; };
		6DCBFEEA252E332100D351A7 /* ViewController.swift in Sources */ = {isa = PBXBuildFile; fileRef = 6DCBFEE9252E332100D351A7 /* ViewController.swift */; };
		6DCBFEED252E332100D351A7 /* Main.storyboard in Resources */ = {isa = PBXBuildFile; fileRef = 6DCBFEEB252E332100D351A7 /* Main.storyboard */; };
		6DCBFEEF252E332200D351A7 /* Assets.xcassets in Resources */ = {isa = PBXBuildFile; fileRef = 6DCBFEEE252E332200D351A7 /* Assets.xcassets */; };
		6DCBFEF2252E332200D351A7 /* LaunchScreen.storyboard in Resources */ = {isa = PBXBuildFile; fileRef = 6DCBFEF0252E332200D351A7 /* LaunchScreen.storyboard */; };
		6DCBFEFD252E412000D351A7 /* StoryboardInstantiable.swift in Sources */ = {isa = PBXBuildFile; fileRef = 6DCBFEFC252E412000D351A7 /* StoryboardInstantiable.swift */; };
		6DCBFEFF252E420800D351A7 /* StoryboardProvider.swift in Sources */ = {isa = PBXBuildFile; fileRef = 6DCBFEFE252E420800D351A7 /* StoryboardProvider.swift */; };
		6DCBFF01252E422300D351A7 /* Storyboard.swift in Sources */ = {isa = PBXBuildFile; fileRef = 6DCBFF00252E422300D351A7 /* Storyboard.swift */; };
		6DCBFF05252E478000D351A7 /* ReusableView.swift in Sources */ = {isa = PBXBuildFile; fileRef = 6DCBFF04252E478000D351A7 /* ReusableView.swift */; };
		6DCBFF07252E479200D351A7 /* NibLoadableView.swift in Sources */ = {isa = PBXBuildFile; fileRef = 6DCBFF06252E479200D351A7 /* NibLoadableView.swift */; };
		6DCBFF0A252E48B000D351A7 /* UITableViewExtension.swift in Sources */ = {isa = PBXBuildFile; fileRef = 6DCBFF09252E48B000D351A7 /* UITableViewExtension.swift */; };
		6DF33F15252EDA010062AB07 /* MovieListing.storyboard in Resources */ = {isa = PBXBuildFile; fileRef = 6DF33F14252EDA010062AB07 /* MovieListing.storyboard */; };
		6DF33F17252EDA180062AB07 /* MovieDetails.storyboard in Resources */ = {isa = PBXBuildFile; fileRef = 6DF33F16252EDA180062AB07 /* MovieDetails.storyboard */; };
		6DF33F1B252F23550062AB07 /* MovieListingViewController.swift in Sources */ = {isa = PBXBuildFile; fileRef = 6DF33F1A252F23550062AB07 /* MovieListingViewController.swift */; };
		6DF33F1D252F23CD0062AB07 /* MovieDetailsViewController.swift in Sources */ = {isa = PBXBuildFile; fileRef = 6DF33F1C252F23CD0062AB07 /* MovieDetailsViewController.swift */; };
		6DF33F1F252F262D0062AB07 /* HTTPMethod.swift in Sources */ = {isa = PBXBuildFile; fileRef = 6DF33F1E252F262D0062AB07 /* HTTPMethod.swift */; };
		6DF33F21252F26930062AB07 /* RequestEndPoint.swift in Sources */ = {isa = PBXBuildFile; fileRef = 6DF33F20252F26930062AB07 /* RequestEndPoint.swift */; };
		6DF33F23252F2E3D0062AB07 /* ParameterEncoding.swift in Sources */ = {isa = PBXBuildFile; fileRef = 6DF33F22252F2E3D0062AB07 /* ParameterEncoding.swift */; };
		6DF33F28252F54BC0062AB07 /* URLParameterEncoder.swift in Sources */ = {isa = PBXBuildFile; fileRef = 6DF33F27252F54BC0062AB07 /* URLParameterEncoder.swift */; };
		6DF33F2A252F54CC0062AB07 /* JSONParameterEncoder.swift in Sources */ = {isa = PBXBuildFile; fileRef = 6DF33F29252F54CC0062AB07 /* JSONParameterEncoder.swift */; };
		6DF33F2C252F564C0062AB07 /* DictionaryExtension.swift in Sources */ = {isa = PBXBuildFile; fileRef = 6DF33F2B252F564C0062AB07 /* DictionaryExtension.swift */; };
		6DF33F2F252F57820062AB07 /* NetworkError.swift in Sources */ = {isa = PBXBuildFile; fileRef = 6DF33F2E252F57820062AB07 /* NetworkError.swift */; };
/* End PBXBuildFile section */

/* Begin PBXFileReference section */
		6D0BB35E25318C2C00CFE1F1 /* Coordinator.swift */ = {isa = PBXFileReference; lastKnownFileType = sourcecode.swift; path = Coordinator.swift; sourceTree = "<group>"; };
		6D0BB36025318FA300CFE1F1 /* ApplicationCoordinator.swift */ = {isa = PBXFileReference; lastKnownFileType = sourcecode.swift; path = ApplicationCoordinator.swift; sourceTree = "<group>"; };
		6D0BB36325318FEB00CFE1F1 /* MovieListViewCoordinator.swift */ = {isa = PBXFileReference; lastKnownFileType = sourcecode.swift; path = MovieListViewCoordinator.swift; sourceTree = "<group>"; };
		6D0BB3652531BC0C00CFE1F1 /* UIViewControllerExtension.swift */ = {isa = PBXFileReference; lastKnownFileType = sourcecode.swift; path = UIViewControllerExtension.swift; sourceTree = "<group>"; };
		6D0BB3682531BC9100CFE1F1 /* ErrorStateViewController.swift */ = {isa = PBXFileReference; lastKnownFileType = sourcecode.swift; path = ErrorStateViewController.swift; sourceTree = "<group>"; };
		6D0BB36A2531C96900CFE1F1 /* ActivityStateViewController.swift */ = {isa = PBXFileReference; lastKnownFileType = sourcecode.swift; path = ActivityStateViewController.swift; sourceTree = "<group>"; };
		6D0BB36C2531CD6400CFE1F1 /* MovieListingContentViewController.swift */ = {isa = PBXFileReference; lastKnownFileType = sourcecode.swift; path = MovieListingContentViewController.swift; sourceTree = "<group>"; };
		6D112CB22530625A00BD5363 /* URLExtension.swift */ = {isa = PBXFileReference; lastKnownFileType = sourcecode.swift; path = URLExtension.swift; sourceTree = "<group>"; };
		6D112CB4253088C800BD5363 /* MovieListingRequestEndPoint.swift */ = {isa = PBXFileReference; lastKnownFileType = sourcecode.swift; path = MovieListingRequestEndPoint.swift; sourceTree = "<group>"; };
		6D112CB625308DC100BD5363 /* Constants.swift */ = {isa = PBXFileReference; lastKnownFileType = sourcecode.swift; path = Constants.swift; sourceTree = "<group>"; };
		6D112CB825308E6700BD5363 /* QueryParamsProvider.swift */ = {isa = PBXFileReference; lastKnownFileType = sourcecode.swift; path = QueryParamsProvider.swift; sourceTree = "<group>"; };
		6D112CBB2530912300BD5363 /* BasicQueryParamsProvider.swift */ = {isa = PBXFileReference; lastKnownFileType = sourcecode.swift; path = BasicQueryParamsProvider.swift; sourceTree = "<group>"; };
		6D112CBD2530914000BD5363 /* PaginatedQueryParamsProvider.swift */ = {isa = PBXFileReference; lastKnownFileType = sourcecode.swift; path = PaginatedQueryParamsProvider.swift; sourceTree = "<group>"; };
		6D112CBF253094FD00BD5363 /* MovieListingRequestManager.swift */ = {isa = PBXFileReference; lastKnownFileType = sourcecode.swift; path = MovieListingRequestManager.swift; sourceTree = "<group>"; };
		6D112CC125309E5100BD5363 /* Movie.swift */ = {isa = PBXFileReference; lastKnownFileType = sourcecode.swift; path = Movie.swift; sourceTree = "<group>"; };
		6D112CC32530A9E200BD5363 /* DateFormatterExtension.swift */ = {isa = PBXFileReference; lastKnownFileType = sourcecode.swift; path = DateFormatterExtension.swift; sourceTree = "<group>"; };
		6D112CC52530BC0B00BD5363 /* ResponseMapper.swift */ = {isa = PBXFileReference; lastKnownFileType = sourcecode.swift; path = ResponseMapper.swift; sourceTree = "<group>"; };
		6D112CC72530BCAA00BD5363 /* JSONResponseMapper.swift */ = {isa = PBXFileReference; lastKnownFileType = sourcecode.swift; path = JSONResponseMapper.swift; sourceTree = "<group>"; };
		6D112CC92530BCD800BD5363 /* JSONDecoderExtension.swift */ = {isa = PBXFileReference; lastKnownFileType = sourcecode.swift; path = JSONDecoderExtension.swift; sourceTree = "<group>"; };
		6D112CCC2530C35D00BD5363 /* MovieDetailsRequestEndPoint.swift */ = {isa = PBXFileReference; lastKnownFileType = sourcecode.swift; path = MovieDetailsRequestEndPoint.swift; sourceTree = "<group>"; };
		6D112CCE2530C4DB00BD5363 /* MovieReviewsRequestEndPoint.swift */ = {isa = PBXFileReference; lastKnownFileType = sourcecode.swift; path = MovieReviewsRequestEndPoint.swift; sourceTree = "<group>"; };
		6D112CD02530C50600BD5363 /* MovieCreditsRequestEndPoint.swift */ = {isa = PBXFileReference; lastKnownFileType = sourcecode.swift; path = MovieCreditsRequestEndPoint.swift; sourceTree = "<group>"; };
		6D112CD22530C61400BD5363 /* SimilarMoviesRequestEndPoint.swift */ = {isa = PBXFileReference; lastKnownFileType = sourcecode.swift; path = SimilarMoviesRequestEndPoint.swift; sourceTree = "<group>"; };
		6D112CD42530C81800BD5363 /* Cast.swift */ = {isa = PBXFileReference; lastKnownFileType = sourcecode.swift; path = Cast.swift; sourceTree = "<group>"; };
		6D112CD62530CB7C00BD5363 /* Crew.swift */ = {isa = PBXFileReference; lastKnownFileType = sourcecode.swift; path = Crew.swift; sourceTree = "<group>"; };
		6D112CD82530CD7800BD5363 /* Review.swift */ = {isa = PBXFileReference; lastKnownFileType = sourcecode.swift; path = Review.swift; sourceTree = "<group>"; };
		6D112CDA2530D58600BD5363 /* Credits.swift */ = {isa = PBXFileReference; lastKnownFileType = sourcecode.swift; path = Credits.swift; sourceTree = "<group>"; };
		6D112CDC2530D67B00BD5363 /* ResponseList.swift */ = {isa = PBXFileReference; lastKnownFileType = sourcecode.swift; path = ResponseList.swift; sourceTree = "<group>"; };
		6D112CDE2530D73100BD5363 /* MovieDetailsRequestManager.swift */ = {isa = PBXFileReference; lastKnownFileType = sourcecode.swift; path = MovieDetailsRequestManager.swift; sourceTree = "<group>"; };
		6D6DFD0A252F98DE00217149 /* HTTPHeader.swift */ = {isa = PBXFileReference; lastKnownFileType = sourcecode.swift; path = HTTPHeader.swift; sourceTree = "<group>"; };
		6D6DFD0C252F9A0100217149 /* HTTPHeaderProvider.swift */ = {isa = PBXFileReference; lastKnownFileType = sourcecode.swift; path = HTTPHeaderProvider.swift; sourceTree = "<group>"; };
		6D6DFD0E252F9B4E00217149 /* RequestBuilder.swift */ = {isa = PBXFileReference; lastKnownFileType = sourcecode.swift; path = RequestBuilder.swift; sourceTree = "<group>"; };
		6D6DFD10252FA17C00217149 /* APIRequestError.swift */ = {isa = PBXFileReference; lastKnownFileType = sourcecode.swift; path = APIRequestError.swift; sourceTree = "<group>"; };
		6D6DFD12252FA5EC00217149 /* APIResponseValidator.swift */ = {isa = PBXFileReference; lastKnownFileType = sourcecode.swift; path = APIResponseValidator.swift; sourceTree = "<group>"; };
		6D6DFD14252FA65900217149 /* RequestPerformer.swift */ = {isa = PBXFileReference; lastKnownFileType = sourcecode.swift; path = RequestPerformer.swift; sourceTree = "<group>"; };
		6D6DFD16252FB1BE00217149 /* RestClient.swift */ = {isa = PBXFileReference; lastKnownFileType = sourcecode.swift; path = RestClient.swift; sourceTree = "<group>"; };
		6DCBFEE2252E332100D351A7 /* TMDB.app */ = {isa = PBXFileReference; explicitFileType = wrapper.application; includeInIndex = 0; path = TMDB.app; sourceTree = BUILT_PRODUCTS_DIR; };
		6DCBFEE5252E332100D351A7 /* AppDelegate.swift */ = {isa = PBXFileReference; lastKnownFileType = sourcecode.swift; path = AppDelegate.swift; sourceTree = "<group>"; };
		6DCBFEE9252E332100D351A7 /* ViewController.swift */ = {isa = PBXFileReference; lastKnownFileType = sourcecode.swift; path = ViewController.swift; sourceTree = "<group>"; };
		6DCBFEEC252E332100D351A7 /* Base */ = {isa = PBXFileReference; lastKnownFileType = file.storyboard; name = Base; path = Base.lproj/Main.storyboard; sourceTree = "<group>"; };
		6DCBFEEE252E332200D351A7 /* Assets.xcassets */ = {isa = PBXFileReference; lastKnownFileType = folder.assetcatalog; path = Assets.xcassets; sourceTree = "<group>"; };
		6DCBFEF1252E332200D351A7 /* Base */ = {isa = PBXFileReference; lastKnownFileType = file.storyboard; name = Base; path = Base.lproj/LaunchScreen.storyboard; sourceTree = "<group>"; };
		6DCBFEF3252E332200D351A7 /* Info.plist */ = {isa = PBXFileReference; lastKnownFileType = text.plist.xml; path = Info.plist; sourceTree = "<group>"; };
		6DCBFEFC252E412000D351A7 /* StoryboardInstantiable.swift */ = {isa = PBXFileReference; lastKnownFileType = sourcecode.swift; path = StoryboardInstantiable.swift; sourceTree = "<group>"; };
		6DCBFEFE252E420800D351A7 /* StoryboardProvider.swift */ = {isa = PBXFileReference; lastKnownFileType = sourcecode.swift; path = StoryboardProvider.swift; sourceTree = "<group>"; };
		6DCBFF00252E422300D351A7 /* Storyboard.swift */ = {isa = PBXFileReference; lastKnownFileType = sourcecode.swift; path = Storyboard.swift; sourceTree = "<group>"; };
		6DCBFF04252E478000D351A7 /* ReusableView.swift */ = {isa = PBXFileReference; lastKnownFileType = sourcecode.swift; path = ReusableView.swift; sourceTree = "<group>"; };
		6DCBFF06252E479200D351A7 /* NibLoadableView.swift */ = {isa = PBXFileReference; lastKnownFileType = sourcecode.swift; path = NibLoadableView.swift; sourceTree = "<group>"; };
		6DCBFF09252E48B000D351A7 /* UITableViewExtension.swift */ = {isa = PBXFileReference; lastKnownFileType = sourcecode.swift; path = UITableViewExtension.swift; sourceTree = "<group>"; };
		6DF33F14252EDA010062AB07 /* MovieListing.storyboard */ = {isa = PBXFileReference; lastKnownFileType = file.storyboard; path = MovieListing.storyboard; sourceTree = "<group>"; };
		6DF33F16252EDA180062AB07 /* MovieDetails.storyboard */ = {isa = PBXFileReference; lastKnownFileType = file.storyboard; path = MovieDetails.storyboard; sourceTree = "<group>"; };
		6DF33F1A252F23550062AB07 /* MovieListingViewController.swift */ = {isa = PBXFileReference; lastKnownFileType = sourcecode.swift; path = MovieListingViewController.swift; sourceTree = "<group>"; };
		6DF33F1C252F23CD0062AB07 /* MovieDetailsViewController.swift */ = {isa = PBXFileReference; lastKnownFileType = sourcecode.swift; path = MovieDetailsViewController.swift; sourceTree = "<group>"; };
		6DF33F1E252F262D0062AB07 /* HTTPMethod.swift */ = {isa = PBXFileReference; lastKnownFileType = sourcecode.swift; path = HTTPMethod.swift; sourceTree = "<group>"; };
		6DF33F20252F26930062AB07 /* RequestEndPoint.swift */ = {isa = PBXFileReference; lastKnownFileType = sourcecode.swift; path = RequestEndPoint.swift; sourceTree = "<group>"; };
		6DF33F22252F2E3D0062AB07 /* ParameterEncoding.swift */ = {isa = PBXFileReference; lastKnownFileType = sourcecode.swift; path = ParameterEncoding.swift; sourceTree = "<group>"; };
		6DF33F27252F54BC0062AB07 /* URLParameterEncoder.swift */ = {isa = PBXFileReference; lastKnownFileType = sourcecode.swift; path = URLParameterEncoder.swift; sourceTree = "<group>"; };
		6DF33F29252F54CC0062AB07 /* JSONParameterEncoder.swift */ = {isa = PBXFileReference; lastKnownFileType = sourcecode.swift; path = JSONParameterEncoder.swift; sourceTree = "<group>"; };
		6DF33F2B252F564C0062AB07 /* DictionaryExtension.swift */ = {isa = PBXFileReference; lastKnownFileType = sourcecode.swift; path = DictionaryExtension.swift; sourceTree = "<group>"; };
		6DF33F2E252F57820062AB07 /* NetworkError.swift */ = {isa = PBXFileReference; lastKnownFileType = sourcecode.swift; path = NetworkError.swift; sourceTree = "<group>"; };
/* End PBXFileReference section */

/* Begin PBXFrameworksBuildPhase section */
		6DCBFEDF252E332100D351A7 /* Frameworks */ = {
			isa = PBXFrameworksBuildPhase;
			buildActionMask = 2147483647;
			files = (
			);
			runOnlyForDeploymentPostprocessing = 0;
		};
/* End PBXFrameworksBuildPhase section */

/* Begin PBXGroup section */
		6D0BB36225318FDB00CFE1F1 /* Coordinator */ = {
			isa = PBXGroup;
			children = (
				6D0BB36325318FEB00CFE1F1 /* MovieListViewCoordinator.swift */,
			);
			path = Coordinator;
			sourceTree = "<group>";
		};
		6D0BB3672531BC6D00CFE1F1 /* State Controllers */ = {
			isa = PBXGroup;
			children = (
				6D0BB3682531BC9100CFE1F1 /* ErrorStateViewController.swift */,
				6D0BB36A2531C96900CFE1F1 /* ActivityStateViewController.swift */,
			);
			path = "State Controllers";
			sourceTree = "<group>";
		};
		6D112CBA2530910500BD5363 /* Query Parameters */ = {
			isa = PBXGroup;
			children = (
				6D112CB825308E6700BD5363 /* QueryParamsProvider.swift */,
				6D112CBB2530912300BD5363 /* BasicQueryParamsProvider.swift */,
				6D112CBD2530914000BD5363 /* PaginatedQueryParamsProvider.swift */,
			);
			path = "Query Parameters";
			sourceTree = "<group>";
		};
		6D112CCB2530C10900BD5363 /* Response Handlers */ = {
			isa = PBXGroup;
			children = (
				6D6DFD12252FA5EC00217149 /* APIResponseValidator.swift */,
				6D112CC52530BC0B00BD5363 /* ResponseMapper.swift */,
				6D112CC72530BCAA00BD5363 /* JSONResponseMapper.swift */,
			);
			path = "Response Handlers";
			sourceTree = "<group>";
		};
		6D6DFD09252F97F300217149 /* HTTP Headers */ = {
			isa = PBXGroup;
			children = (
				6D6DFD0A252F98DE00217149 /* HTTPHeader.swift */,
				6D6DFD0C252F9A0100217149 /* HTTPHeaderProvider.swift */,
			);
			path = "HTTP Headers";
			sourceTree = "<group>";
		};
		6DCBFED9252E332100D351A7 = {
			isa = PBXGroup;
			children = (
				6DCBFEE4252E332100D351A7 /* TheMovieDB */,
				6DCBFEE3252E332100D351A7 /* Products */,
			);
			sourceTree = "<group>";
		};
		6DCBFEE3252E332100D351A7 /* Products */ = {
			isa = PBXGroup;
			children = (
				6DCBFEE2252E332100D351A7 /* TMDB.app */,
			);
			name = Products;
			sourceTree = "<group>";
		};
		6DCBFEE4252E332100D351A7 /* TheMovieDB */ = {
			isa = PBXGroup;
			children = (
				6DCBFEF9252E3F6900D351A7 /* Application Startup */,
				6DCBFEFB252E410100D351A7 /* Application Navigation */,
				6DF33F12252ED8FB0062AB07 /* Networking */,
				6DCBFF02252E474000D351A7 /* Utilities */,
				6DF33F06252ED7940062AB07 /* Movie Listing */,
				6DF33F07252ED79D0062AB07 /* Movie Details */,
				6D0BB3672531BC6D00CFE1F1 /* State Controllers */,
				6DF33F13252ED9980062AB07 /* Storyboards */,
				6DCBFEE9252E332100D351A7 /* ViewController.swift */,
				6DCBFEEB252E332100D351A7 /* Main.storyboard */,
				6DCBFEFA252E3FDE00D351A7 /* Support Files */,
			);
			path = TheMovieDB;
			sourceTree = "<group>";
		};
		6DCBFEF9252E3F6900D351A7 /* Application Startup */ = {
			isa = PBXGroup;
			children = (
				6DCBFEE5252E332100D351A7 /* AppDelegate.swift */,
			);
			path = "Application Startup";
			sourceTree = "<group>";
		};
		6DCBFEFA252E3FDE00D351A7 /* Support Files */ = {
			isa = PBXGroup;
			children = (
				6DCBFEEE252E332200D351A7 /* Assets.xcassets */,
				6DCBFEF0252E332200D351A7 /* LaunchScreen.storyboard */,
				6DCBFEF3252E332200D351A7 /* Info.plist */,
			);
			path = "Support Files";
			sourceTree = "<group>";
		};
		6DCBFEFB252E410100D351A7 /* Application Navigation */ = {
			isa = PBXGroup;
			children = (
				6DCBFEFC252E412000D351A7 /* StoryboardInstantiable.swift */,
				6DCBFEFE252E420800D351A7 /* StoryboardProvider.swift */,
				6DCBFF00252E422300D351A7 /* Storyboard.swift */,
				6D0BB35E25318C2C00CFE1F1 /* Coordinator.swift */,
				6D0BB36025318FA300CFE1F1 /* ApplicationCoordinator.swift */,
			);
			path = "Application Navigation";
			sourceTree = "<group>";
		};
		6DCBFF02252E474000D351A7 /* Utilities */ = {
			isa = PBXGroup;
			children = (
				6DCBFF03252E475700D351A7 /* View Reusability */,
				6DCBFF08252E489000D351A7 /* Extensions */,
				6D112CB625308DC100BD5363 /* Constants.swift */,
			);
			path = Utilities;
			sourceTree = "<group>";
		};
		6DCBFF03252E475700D351A7 /* View Reusability */ = {
			isa = PBXGroup;
			children = (
				6DCBFF04252E478000D351A7 /* ReusableView.swift */,
				6DCBFF06252E479200D351A7 /* NibLoadableView.swift */,
			);
			path = "View Reusability";
			sourceTree = "<group>";
		};
		6DCBFF08252E489000D351A7 /* Extensions */ = {
			isa = PBXGroup;
			children = (
				6DCBFF09252E48B000D351A7 /* UITableViewExtension.swift */,
				6DF33F2B252F564C0062AB07 /* DictionaryExtension.swift */,
				6D112CB22530625A00BD5363 /* URLExtension.swift */,
				6D112CC32530A9E200BD5363 /* DateFormatterExtension.swift */,
				6D112CC92530BCD800BD5363 /* JSONDecoderExtension.swift */,
				6D0BB3652531BC0C00CFE1F1 /* UIViewControllerExtension.swift */,
			);
			path = Extensions;
			sourceTree = "<group>";
		};
		6DF33F06252ED7940062AB07 /* Movie Listing */ = {
			isa = PBXGroup;
			children = (
				6D0BB36225318FDB00CFE1F1 /* Coordinator */,
				6DF33F11252ED84F0062AB07 /* Service */,
				6DF33F10252ED8490062AB07 /* Models */,
				6DF33F0A252ED7FE0062AB07 /* View Models */,
				6DF33F08252ED7C40062AB07 /* Views */,
				6DF33F09252ED7EA0062AB07 /* Controller */,
			);
			path = "Movie Listing";
			sourceTree = "<group>";
		};
		6DF33F07252ED79D0062AB07 /* Movie Details */ = {
			isa = PBXGroup;
			children = (
				6DF33F0E252ED82A0062AB07 /* Service */,
				6DF33F0F252ED83B0062AB07 /* Models */,
				6DF33F0D252ED81C0062AB07 /* View Models */,
				6DF33F0C252ED8150062AB07 /* Views */,
				6DF33F0B252ED80D0062AB07 /* Controller */,
			);
			path = "Movie Details";
			sourceTree = "<group>";
		};
		6DF33F08252ED7C40062AB07 /* Views */ = {
			isa = PBXGroup;
			children = (
			);
			path = Views;
			sourceTree = "<group>";
		};
		6DF33F09252ED7EA0062AB07 /* Controller */ = {
			isa = PBXGroup;
			children = (
				6DF33F1A252F23550062AB07 /* MovieListingViewController.swift */,
				6D0BB36C2531CD6400CFE1F1 /* MovieListingContentViewController.swift */,
			);
			path = Controller;
			sourceTree = "<group>";
		};
		6DF33F0A252ED7FE0062AB07 /* View Models */ = {
			isa = PBXGroup;
			children = (
			);
			path = "View Models";
			sourceTree = "<group>";
		};
		6DF33F0B252ED80D0062AB07 /* Controller */ = {
			isa = PBXGroup;
			children = (
				6DF33F1C252F23CD0062AB07 /* MovieDetailsViewController.swift */,
			);
			path = Controller;
			sourceTree = "<group>";
		};
		6DF33F0C252ED8150062AB07 /* Views */ = {
			isa = PBXGroup;
			children = (
			);
			path = Views;
			sourceTree = "<group>";
		};
		6DF33F0D252ED81C0062AB07 /* View Models */ = {
			isa = PBXGroup;
			children = (
			);
			path = "View Models";
			sourceTree = "<group>";
		};
		6DF33F0E252ED82A0062AB07 /* Service */ = {
			isa = PBXGroup;
			children = (
				6D112CCC2530C35D00BD5363 /* MovieDetailsRequestEndPoint.swift */,
				6D112CCE2530C4DB00BD5363 /* MovieReviewsRequestEndPoint.swift */,
				6D112CD02530C50600BD5363 /* MovieCreditsRequestEndPoint.swift */,
				6D112CD22530C61400BD5363 /* SimilarMoviesRequestEndPoint.swift */,
				6D112CDE2530D73100BD5363 /* MovieDetailsRequestManager.swift */,
			);
			path = Service;
			sourceTree = "<group>";
		};
		6DF33F0F252ED83B0062AB07 /* Models */ = {
			isa = PBXGroup;
			children = (
				6D112CD42530C81800BD5363 /* Cast.swift */,
				6D112CD62530CB7C00BD5363 /* Crew.swift */,
				6D112CD82530CD7800BD5363 /* Review.swift */,
				6D112CDA2530D58600BD5363 /* Credits.swift */,
			);
			path = Models;
			sourceTree = "<group>";
		};
		6DF33F10252ED8490062AB07 /* Models */ = {
			isa = PBXGroup;
			children = (
				6D112CC125309E5100BD5363 /* Movie.swift */,
				6D112CDC2530D67B00BD5363 /* ResponseList.swift */,
			);
			path = Models;
			sourceTree = "<group>";
		};
		6DF33F11252ED84F0062AB07 /* Service */ = {
			isa = PBXGroup;
			children = (
				6D112CB4253088C800BD5363 /* MovieListingRequestEndPoint.swift */,
				6D112CBF253094FD00BD5363 /* MovieListingRequestManager.swift */,
			);
			path = Service;
			sourceTree = "<group>";
		};
		6DF33F12252ED8FB0062AB07 /* Networking */ = {
			isa = PBXGroup;
			children = (
				6D112CBA2530910500BD5363 /* Query Parameters */,
				6D6DFD09252F97F300217149 /* HTTP Headers */,
				6DF33F2D252F576F0062AB07 /* Errors */,
				6DF33F26252F53C30062AB07 /* Encoding */,
				6D112CCB2530C10900BD5363 /* Response Handlers */,
				6DF33F1E252F262D0062AB07 /* HTTPMethod.swift */,
				6DF33F20252F26930062AB07 /* RequestEndPoint.swift */,
				6D6DFD0E252F9B4E00217149 /* RequestBuilder.swift */,
				6D6DFD14252FA65900217149 /* RequestPerformer.swift */,
				6D6DFD16252FB1BE00217149 /* RestClient.swift */,
			);
			path = Networking;
			sourceTree = "<group>";
		};
		6DF33F13252ED9980062AB07 /* Storyboards */ = {
			isa = PBXGroup;
			children = (
				6DF33F14252EDA010062AB07 /* MovieListing.storyboard */,
				6DF33F16252EDA180062AB07 /* MovieDetails.storyboard */,
			);
			path = Storyboards;
			sourceTree = "<group>";
		};
		6DF33F26252F53C30062AB07 /* Encoding */ = {
			isa = PBXGroup;
			children = (
				6DF33F22252F2E3D0062AB07 /* ParameterEncoding.swift */,
				6DF33F27252F54BC0062AB07 /* URLParameterEncoder.swift */,
				6DF33F29252F54CC0062AB07 /* JSONParameterEncoder.swift */,
			);
			path = Encoding;
			sourceTree = "<group>";
		};
		6DF33F2D252F576F0062AB07 /* Errors */ = {
			isa = PBXGroup;
			children = (
				6DF33F2E252F57820062AB07 /* NetworkError.swift */,
				6D6DFD10252FA17C00217149 /* APIRequestError.swift */,
			);
			path = Errors;
			sourceTree = "<group>";
		};
/* End PBXGroup section */

/* Begin PBXNativeTarget section */
		6DCBFEE1252E332100D351A7 /* TheMovieDB */ = {
			isa = PBXNativeTarget;
			buildConfigurationList = 6DCBFEF6252E332200D351A7 /* Build configuration list for PBXNativeTarget "TheMovieDB" */;
			buildPhases = (
				6DCBFEDE252E332100D351A7 /* Sources */,
				6DCBFEDF252E332100D351A7 /* Frameworks */,
				6DCBFEE0252E332100D351A7 /* Resources */,
			);
			buildRules = (
			);
			dependencies = (
			);
			name = TheMovieDB;
			productName = TheMovieDB;
			productReference = 6DCBFEE2252E332100D351A7 /* TMDB.app */;
			productType = "com.apple.product-type.application";
		};
/* End PBXNativeTarget section */

/* Begin PBXProject section */
		6DCBFEDA252E332100D351A7 /* Project object */ = {
			isa = PBXProject;
			attributes = {
				LastSwiftUpdateCheck = 1150;
				LastUpgradeCheck = 1150;
				ORGANIZATIONNAME = "Ashish Badak";
				TargetAttributes = {
					6DCBFEE1252E332100D351A7 = {
						CreatedOnToolsVersion = 11.5;
					};
				};
			};
			buildConfigurationList = 6DCBFEDD252E332100D351A7 /* Build configuration list for PBXProject "TheMovieDB" */;
			compatibilityVersion = "Xcode 9.3";
			developmentRegion = en;
			hasScannedForEncodings = 0;
			knownRegions = (
				en,
				Base,
			);
			mainGroup = 6DCBFED9252E332100D351A7;
			productRefGroup = 6DCBFEE3252E332100D351A7 /* Products */;
			projectDirPath = "";
			projectRoot = "";
			targets = (
				6DCBFEE1252E332100D351A7 /* TheMovieDB */,
			);
		};
/* End PBXProject section */

/* Begin PBXResourcesBuildPhase section */
		6DCBFEE0252E332100D351A7 /* Resources */ = {
			isa = PBXResourcesBuildPhase;
			buildActionMask = 2147483647;
			files = (
				6DF33F15252EDA010062AB07 /* MovieListing.storyboard in Resources */,
				6DCBFEF2252E332200D351A7 /* LaunchScreen.storyboard in Resources */,
				6DF33F17252EDA180062AB07 /* MovieDetails.storyboard in Resources */,
				6DCBFEEF252E332200D351A7 /* Assets.xcassets in Resources */,
				6DCBFEED252E332100D351A7 /* Main.storyboard in Resources */,
			);
			runOnlyForDeploymentPostprocessing = 0;
		};
/* End PBXResourcesBuildPhase section */

/* Begin PBXSourcesBuildPhase section */
		6DCBFEDE252E332100D351A7 /* Sources */ = {
			isa = PBXSourcesBuildPhase;
			buildActionMask = 2147483647;
			files = (
				6D112CB5253088C800BD5363 /* MovieListingRequestEndPoint.swift in Sources */,
				6D112CC82530BCAA00BD5363 /* JSONResponseMapper.swift in Sources */,
				6D0BB3662531BC0C00CFE1F1 /* UIViewControllerExtension.swift in Sources */,
				6D0BB36425318FEB00CFE1F1 /* MovieListViewCoordinator.swift in Sources */,
				6D112CB925308E6700BD5363 /* QueryParamsProvider.swift in Sources */,
				6D112CC42530A9E200BD5363 /* DateFormatterExtension.swift in Sources */,
				6D6DFD0B252F98DE00217149 /* HTTPHeader.swift in Sources */,
				6DF33F2F252F57820062AB07 /* NetworkError.swift in Sources */,
				6D112CDF2530D73100BD5363 /* MovieDetailsRequestManager.swift in Sources */,
				6DF33F1D252F23CD0062AB07 /* MovieDetailsViewController.swift in Sources */,
				6DCBFEEA252E332100D351A7 /* ViewController.swift in Sources */,
				6D112CC225309E5100BD5363 /* Movie.swift in Sources */,
				6D6DFD13252FA5EC00217149 /* APIResponseValidator.swift in Sources */,
				6DCBFF01252E422300D351A7 /* Storyboard.swift in Sources */,
				6DF33F1F252F262D0062AB07 /* HTTPMethod.swift in Sources */,
				6D112CBC2530912300BD5363 /* BasicQueryParamsProvider.swift in Sources */,
				6DF33F28252F54BC0062AB07 /* URLParameterEncoder.swift in Sources */,
				6D112CCA2530BCD800BD5363 /* JSONDecoderExtension.swift in Sources */,
				6D0BB36125318FA300CFE1F1 /* ApplicationCoordinator.swift in Sources */,
				6D0BB35F25318C2C00CFE1F1 /* Coordinator.swift in Sources */,
				6DF33F2A252F54CC0062AB07 /* JSONParameterEncoder.swift in Sources */,
				6D112CD12530C50600BD5363 /* MovieCreditsRequestEndPoint.swift in Sources */,
				6D6DFD15252FA65900217149 /* RequestPerformer.swift in Sources */,
				6DCBFF07252E479200D351A7 /* NibLoadableView.swift in Sources */,
				6DF33F2C252F564C0062AB07 /* DictionaryExtension.swift in Sources */,
				6D112CC62530BC0B00BD5363 /* ResponseMapper.swift in Sources */,
				6D112CBE2530914000BD5363 /* PaginatedQueryParamsProvider.swift in Sources */,
				6DCBFF0A252E48B000D351A7 /* UITableViewExtension.swift in Sources */,
				6D112CCD2530C35D00BD5363 /* MovieDetailsRequestEndPoint.swift in Sources */,
				6DCBFEFD252E412000D351A7 /* StoryboardInstantiable.swift in Sources */,
				6DF33F23252F2E3D0062AB07 /* ParameterEncoding.swift in Sources */,
				6D0BB36B2531C96900CFE1F1 /* ActivityStateViewController.swift in Sources */,
				6D112CB32530625A00BD5363 /* URLExtension.swift in Sources */,
				6DCBFF05252E478000D351A7 /* ReusableView.swift in Sources */,
				6D112CD52530C81800BD5363 /* Cast.swift in Sources */,
				6D6DFD17252FB1BE00217149 /* RestClient.swift in Sources */,
				6D112CC0253094FD00BD5363 /* MovieListingRequestManager.swift in Sources */,
				6DCBFEE6252E332100D351A7 /* AppDelegate.swift in Sources */,
				6D6DFD0F252F9B4E00217149 /* RequestBuilder.swift in Sources */,
				6D112CCF2530C4DB00BD5363 /* MovieReviewsRequestEndPoint.swift in Sources */,
				6D0BB36D2531CD6400CFE1F1 /* MovieListingContentViewController.swift in Sources */,
				6DCBFEFF252E420800D351A7 /* StoryboardProvider.swift in Sources */,
				6D6DFD11252FA17C00217149 /* APIRequestError.swift in Sources */,
				6DF33F21252F26930062AB07 /* RequestEndPoint.swift in Sources */,
				6D112CD92530CD7800BD5363 /* Review.swift in Sources */,
				6D112CDD2530D67B00BD5363 /* ResponseList.swift in Sources */,
				6D112CDB2530D58600BD5363 /* Credits.swift in Sources */,
				6DF33F1B252F23550062AB07 /* MovieListingViewController.swift in Sources */,
				6D112CD72530CB7C00BD5363 /* Crew.swift in Sources */,
				6D6DFD0D252F9A0100217149 /* HTTPHeaderProvider.swift in Sources */,
				6D112CB725308DC100BD5363 /* Constants.swift in Sources */,
				6D0BB3692531BC9100CFE1F1 /* ErrorStateViewController.swift in Sources */,
				6D112CD32530C61400BD5363 /* SimilarMoviesRequestEndPoint.swift in Sources */,
			);
			runOnlyForDeploymentPostprocessing = 0;
		};
/* End PBXSourcesBuildPhase section */

/* Begin PBXVariantGroup section */
		6DCBFEEB252E332100D351A7 /* Main.storyboard */ = {
			isa = PBXVariantGroup;
			children = (
				6DCBFEEC252E332100D351A7 /* Base */,
			);
			name = Main.storyboard;
			sourceTree = "<group>";
		};
		6DCBFEF0252E332200D351A7 /* LaunchScreen.storyboard */ = {
			isa = PBXVariantGroup;
			children = (
				6DCBFEF1252E332200D351A7 /* Base */,
			);
			name = LaunchScreen.storyboard;
			sourceTree = "<group>";
		};
/* End PBXVariantGroup section */

/* Begin XCBuildConfiguration section */
		6DCBFEF4252E332200D351A7 /* Debug */ = {
			isa = XCBuildConfiguration;
			buildSettings = {
				ALWAYS_SEARCH_USER_PATHS = NO;
				CLANG_ANALYZER_NONNULL = YES;
				CLANG_ANALYZER_NUMBER_OBJECT_CONVERSION = YES_AGGRESSIVE;
				CLANG_CXX_LANGUAGE_STANDARD = "gnu++14";
				CLANG_CXX_LIBRARY = "libc++";
				CLANG_ENABLE_MODULES = YES;
				CLANG_ENABLE_OBJC_ARC = YES;
				CLANG_ENABLE_OBJC_WEAK = YES;
				CLANG_WARN_BLOCK_CAPTURE_AUTORELEASING = YES;
				CLANG_WARN_BOOL_CONVERSION = YES;
				CLANG_WARN_COMMA = YES;
				CLANG_WARN_CONSTANT_CONVERSION = YES;
				CLANG_WARN_DEPRECATED_OBJC_IMPLEMENTATIONS = YES;
				CLANG_WARN_DIRECT_OBJC_ISA_USAGE = YES_ERROR;
				CLANG_WARN_DOCUMENTATION_COMMENTS = YES;
				CLANG_WARN_EMPTY_BODY = YES;
				CLANG_WARN_ENUM_CONVERSION = YES;
				CLANG_WARN_INFINITE_RECURSION = YES;
				CLANG_WARN_INT_CONVERSION = YES;
				CLANG_WARN_NON_LITERAL_NULL_CONVERSION = YES;
				CLANG_WARN_OBJC_IMPLICIT_RETAIN_SELF = YES;
				CLANG_WARN_OBJC_LITERAL_CONVERSION = YES;
				CLANG_WARN_OBJC_ROOT_CLASS = YES_ERROR;
				CLANG_WARN_RANGE_LOOP_ANALYSIS = YES;
				CLANG_WARN_STRICT_PROTOTYPES = YES;
				CLANG_WARN_SUSPICIOUS_MOVE = YES;
				CLANG_WARN_UNGUARDED_AVAILABILITY = YES_AGGRESSIVE;
				CLANG_WARN_UNREACHABLE_CODE = YES;
				CLANG_WARN__DUPLICATE_METHOD_MATCH = YES;
				COPY_PHASE_STRIP = NO;
				DEBUG_INFORMATION_FORMAT = dwarf;
				ENABLE_STRICT_OBJC_MSGSEND = YES;
				ENABLE_TESTABILITY = YES;
				GCC_C_LANGUAGE_STANDARD = gnu11;
				GCC_DYNAMIC_NO_PIC = NO;
				GCC_NO_COMMON_BLOCKS = YES;
				GCC_OPTIMIZATION_LEVEL = 0;
				GCC_PREPROCESSOR_DEFINITIONS = (
					"DEBUG=1",
					"$(inherited)",
				);
				GCC_WARN_64_TO_32_BIT_CONVERSION = YES;
				GCC_WARN_ABOUT_RETURN_TYPE = YES_ERROR;
				GCC_WARN_UNDECLARED_SELECTOR = YES;
				GCC_WARN_UNINITIALIZED_AUTOS = YES_AGGRESSIVE;
				GCC_WARN_UNUSED_FUNCTION = YES;
				GCC_WARN_UNUSED_VARIABLE = YES;
				IPHONEOS_DEPLOYMENT_TARGET = 13.5;
				MTL_ENABLE_DEBUG_INFO = INCLUDE_SOURCE;
				MTL_FAST_MATH = YES;
				ONLY_ACTIVE_ARCH = YES;
				SDKROOT = iphoneos;
				SWIFT_ACTIVE_COMPILATION_CONDITIONS = DEBUG;
				SWIFT_OPTIMIZATION_LEVEL = "-Onone";
			};
			name = Debug;
		};
		6DCBFEF5252E332200D351A7 /* Release */ = {
			isa = XCBuildConfiguration;
			buildSettings = {
				ALWAYS_SEARCH_USER_PATHS = NO;
				CLANG_ANALYZER_NONNULL = YES;
				CLANG_ANALYZER_NUMBER_OBJECT_CONVERSION = YES_AGGRESSIVE;
				CLANG_CXX_LANGUAGE_STANDARD = "gnu++14";
				CLANG_CXX_LIBRARY = "libc++";
				CLANG_ENABLE_MODULES = YES;
				CLANG_ENABLE_OBJC_ARC = YES;
				CLANG_ENABLE_OBJC_WEAK = YES;
				CLANG_WARN_BLOCK_CAPTURE_AUTORELEASING = YES;
				CLANG_WARN_BOOL_CONVERSION = YES;
				CLANG_WARN_COMMA = YES;
				CLANG_WARN_CONSTANT_CONVERSION = YES;
				CLANG_WARN_DEPRECATED_OBJC_IMPLEMENTATIONS = YES;
				CLANG_WARN_DIRECT_OBJC_ISA_USAGE = YES_ERROR;
				CLANG_WARN_DOCUMENTATION_COMMENTS = YES;
				CLANG_WARN_EMPTY_BODY = YES;
				CLANG_WARN_ENUM_CONVERSION = YES;
				CLANG_WARN_INFINITE_RECURSION = YES;
				CLANG_WARN_INT_CONVERSION = YES;
				CLANG_WARN_NON_LITERAL_NULL_CONVERSION = YES;
				CLANG_WARN_OBJC_IMPLICIT_RETAIN_SELF = YES;
				CLANG_WARN_OBJC_LITERAL_CONVERSION = YES;
				CLANG_WARN_OBJC_ROOT_CLASS = YES_ERROR;
				CLANG_WARN_RANGE_LOOP_ANALYSIS = YES;
				CLANG_WARN_STRICT_PROTOTYPES = YES;
				CLANG_WARN_SUSPICIOUS_MOVE = YES;
				CLANG_WARN_UNGUARDED_AVAILABILITY = YES_AGGRESSIVE;
				CLANG_WARN_UNREACHABLE_CODE = YES;
				CLANG_WARN__DUPLICATE_METHOD_MATCH = YES;
				COPY_PHASE_STRIP = NO;
				DEBUG_INFORMATION_FORMAT = "dwarf-with-dsym";
				ENABLE_NS_ASSERTIONS = NO;
				ENABLE_STRICT_OBJC_MSGSEND = YES;
				GCC_C_LANGUAGE_STANDARD = gnu11;
				GCC_NO_COMMON_BLOCKS = YES;
				GCC_WARN_64_TO_32_BIT_CONVERSION = YES;
				GCC_WARN_ABOUT_RETURN_TYPE = YES_ERROR;
				GCC_WARN_UNDECLARED_SELECTOR = YES;
				GCC_WARN_UNINITIALIZED_AUTOS = YES_AGGRESSIVE;
				GCC_WARN_UNUSED_FUNCTION = YES;
				GCC_WARN_UNUSED_VARIABLE = YES;
				IPHONEOS_DEPLOYMENT_TARGET = 13.5;
				MTL_ENABLE_DEBUG_INFO = NO;
				MTL_FAST_MATH = YES;
				SDKROOT = iphoneos;
				SWIFT_COMPILATION_MODE = wholemodule;
				SWIFT_OPTIMIZATION_LEVEL = "-O";
				VALIDATE_PRODUCT = YES;
			};
			name = Release;
		};
		6DCBFEF7252E332200D351A7 /* Debug */ = {
			isa = XCBuildConfiguration;
			buildSettings = {
				ASSETCATALOG_COMPILER_APPICON_NAME = AppIcon;
				CODE_SIGN_STYLE = Automatic;
				DEVELOPMENT_TEAM = 5N4LHF5GU6;
				INFOPLIST_FILE = "TheMovieDB/Support Files/Info.plist";
				IPHONEOS_DEPLOYMENT_TARGET = 12.0;
				LD_RUNPATH_SEARCH_PATHS = (
					"$(inherited)",
					"@executable_path/Frameworks",
				);
				PRODUCT_BUNDLE_IDENTIFIER = com.ashbadak.TheMovieDB;
				PRODUCT_NAME = TMDB;
				SWIFT_VERSION = 5.0;
				TARGETED_DEVICE_FAMILY = 1;
			};
			name = Debug;
		};
		6DCBFEF8252E332200D351A7 /* Release */ = {
			isa = XCBuildConfiguration;
			buildSettings = {
				ASSETCATALOG_COMPILER_APPICON_NAME = AppIcon;
				CODE_SIGN_STYLE = Automatic;
				DEVELOPMENT_TEAM = 5N4LHF5GU6;
				INFOPLIST_FILE = "TheMovieDB/Support Files/Info.plist";
				IPHONEOS_DEPLOYMENT_TARGET = 12.0;
				LD_RUNPATH_SEARCH_PATHS = (
					"$(inherited)",
					"@executable_path/Frameworks",
				);
				PRODUCT_BUNDLE_IDENTIFIER = com.ashbadak.TheMovieDB;
				PRODUCT_NAME = TMDB;
				SWIFT_VERSION = 5.0;
				TARGETED_DEVICE_FAMILY = 1;
			};
			name = Release;
		};
/* End XCBuildConfiguration section */

/* Begin XCConfigurationList section */
		6DCBFEDD252E332100D351A7 /* Build configuration list for PBXProject "TheMovieDB" */ = {
			isa = XCConfigurationList;
			buildConfigurations = (
				6DCBFEF4252E332200D351A7 /* Debug */,
				6DCBFEF5252E332200D351A7 /* Release */,
			);
			defaultConfigurationIsVisible = 0;
			defaultConfigurationName = Release;
		};
		6DCBFEF6252E332200D351A7 /* Build configuration list for PBXNativeTarget "TheMovieDB" */ = {
			isa = XCConfigurationList;
			buildConfigurations = (
				6DCBFEF7252E332200D351A7 /* Debug */,
				6DCBFEF8252E332200D351A7 /* Release */,
			);
			defaultConfigurationIsVisible = 0;
			defaultConfigurationName = Release;
		};
/* End XCConfigurationList section */
	};
	rootObject = 6DCBFEDA252E332100D351A7 /* Project object */;
}
