// !$*UTF8*$!
{
	archiveVersion = 1;
	classes = {
	};
	objectVersion = 50;
	objects = {

/* Begin PBXBuildFile section */
		6DCBFEE6252E332100D351A7 /* AppDelegate.swift in Sources */ = {isa = PBXBuildFile; fileRef = 6DCBFEE5252E332100D351A7 /* AppDelegate.swift */; };
		6DCBFEEA252E332100D351A7 /* ViewController.swift in Sources */ = {isa = PBXBuildFile; fileRef = 6DCBFEE9252E332100D351A7 /* ViewController.swift */; };
		6DCBFEED252E332100D351A7 /* Main.storyboard in Resources */ = {isa = PBXBuildFile; fileRef = 6DCBFEEB252E332100D351A7 /* Main.storyboard */; };
		6DCBFEEF252E332200D351A7 /* Assets.xcassets in Resources */ = {isa = PBXBuildFile; fileRef = 6DCBFEEE252E332200D351A7 /* Assets.xcassets */; };
		6DCBFEF2252E332200D351A7 /* LaunchScreen.storyboard in Resources */ = {isa = PBXBuildFile; fileRef = 6DCBFEF0252E332200D351A7 /* LaunchScreen.storyboard */; };
		6DCBFEFD252E412000D351A7 /* StoryboardInstantiable.swift in Sources */ = {isa = PBXBuildFile; fileRef = 6DCBFEFC252E412000D351A7 /* StoryboardInstantiable.swift */; };
		6DCBFEFF252E420800D351A7 /* StoryboardProvider.swift in Sources */ = {isa = PBXBuildFile; fileRef = 6DCBFEFE252E420800D351A7 /* StoryboardProvider.swift */; };
		6DCBFF01252E422300D351A7 /* Storyboard.swift in Sources */ = {isa = PBXBuildFile; fileRef = 6DCBFF00252E422300D351A7 /* Storyboard.swift */; };
		6DCBFF05252E478000D351A7 /* ReusableView.swift in Sources */ = {isa = PBXBuildFile; fileRef = 6DCBFF04252E478000D351A7 /* ReusableView.swift */; };
		6DCBFF07252E479200D351A7 /* NibLoadableView.swift in Sources */ = {isa = PBXBuildFile; fileRef = 6DCBFF06252E479200D351A7 /* NibLoadableView.swift */; };
		6DCBFF0A252E48B000D351A7 /* UITableViewExtension.swift in Sources */ = {isa = PBXBuildFile; fileRef = 6DCBFF09252E48B000D351A7 /* UITableViewExtension.swift */; };
/* End PBXBuildFile section */

/* Begin PBXFileReference section */
		6DCBFEE2252E332100D351A7 /* TMDB.app */ = {isa = PBXFileReference; explicitFileType = wrapper.application; includeInIndex = 0; path = TMDB.app; sourceTree = BUILT_PRODUCTS_DIR; };
		6DCBFEE5252E332100D351A7 /* AppDelegate.swift */ = {isa = PBXFileReference; lastKnownFileType = sourcecode.swift; path = AppDelegate.swift; sourceTree = "<group>"; };
		6DCBFEE9252E332100D351A7 /* ViewController.swift */ = {isa = PBXFileReference; lastKnownFileType = sourcecode.swift; path = ViewController.swift; sourceTree = "<group>"; };
		6DCBFEEC252E332100D351A7 /* Base */ = {isa = PBXFileReference; lastKnownFileType = file.storyboard; name = Base; path = Base.lproj/Main.storyboard; sourceTree = "<group>"; };
		6DCBFEEE252E332200D351A7 /* Assets.xcassets */ = {isa = PBXFileReference; lastKnownFileType = folder.assetcatalog; path = Assets.xcassets; sourceTree = "<group>"; };
		6DCBFEF1252E332200D351A7 /* Base */ = {isa = PBXFileReference; lastKnownFileType = file.storyboard; name = Base; path = Base.lproj/LaunchScreen.storyboard; sourceTree = "<group>"; };
		6DCBFEF3252E332200D351A7 /* Info.plist */ = {isa = PBXFileReference; lastKnownFileType = text.plist.xml; path = Info.plist; sourceTree = "<group>"; };
		6DCBFEFC252E412000D351A7 /* StoryboardInstantiable.swift */ = {isa = PBXFileReference; lastKnownFileType = sourcecode.swift; path = StoryboardInstantiable.swift; sourceTree = "<group>"; };
		6DCBFEFE252E420800D351A7 /* StoryboardProvider.swift */ = {isa = PBXFileReference; lastKnownFileType = sourcecode.swift; path = StoryboardProvider.swift; sourceTree = "<group>"; };
		6DCBFF00252E422300D351A7 /* Storyboard.swift */ = {isa = PBXFileReference; lastKnownFileType = sourcecode.swift; path = Storyboard.swift; sourceTree = "<group>"; };
		6DCBFF04252E478000D351A7 /* ReusableView.swift */ = {isa = PBXFileReference; lastKnownFileType = sourcecode.swift; path = ReusableView.swift; sourceTree = "<group>"; };
		6DCBFF06252E479200D351A7 /* NibLoadableView.swift */ = {isa = PBXFileReference; lastKnownFileType = sourcecode.swift; path = NibLoadableView.swift; sourceTree = "<group>"; };
		6DCBFF09252E48B000D351A7 /* UITableViewExtension.swift */ = {isa = PBXFileReference; lastKnownFileType = sourcecode.swift; path = UITableViewExtension.swift; sourceTree = "<group>"; };
/* End PBXFileReference section */

/* Begin PBXFrameworksBuildPhase section */
		6DCBFEDF252E332100D351A7 /* Frameworks */ = {
			isa = PBXFrameworksBuildPhase;
			buildActionMask = 2147483647;
			files = (
			);
			runOnlyForDeploymentPostprocessing = 0;
		};
/* End PBXFrameworksBuildPhase section */

/* Begin PBXGroup section */
		6DCBFED9252E332100D351A7 = {
			isa = PBXGroup;
			children = (
				6DCBFEE4252E332100D351A7 /* TheMovieDB */,
				6DCBFEE3252E332100D351A7 /* Products */,
			);
			sourceTree = "<group>";
		};
		6DCBFEE3252E332100D351A7 /* Products */ = {
			isa = PBXGroup;
			children = (
				6DCBFEE2252E332100D351A7 /* TMDB.app */,
			);
			name = Products;
			sourceTree = "<group>";
		};
		6DCBFEE4252E332100D351A7 /* TheMovieDB */ = {
			isa = PBXGroup;
			children = (
				6DCBFEF9252E3F6900D351A7 /* Application Startup */,
				6DCBFEFB252E410100D351A7 /* Application Navigation */,
				6DCBFF02252E474000D351A7 /* Utilities */,
				6DCBFEE9252E332100D351A7 /* ViewController.swift */,
				6DCBFEEB252E332100D351A7 /* Main.storyboard */,
				6DCBFEFA252E3FDE00D351A7 /* Support Files */,
			);
			path = TheMovieDB;
			sourceTree = "<group>";
		};
		6DCBFEF9252E3F6900D351A7 /* Application Startup */ = {
			isa = PBXGroup;
			children = (
				6DCBFEE5252E332100D351A7 /* AppDelegate.swift */,
			);
			path = "Application Startup";
			sourceTree = "<group>";
		};
		6DCBFEFA252E3FDE00D351A7 /* Support Files */ = {
			isa = PBXGroup;
			children = (
				6DCBFEEE252E332200D351A7 /* Assets.xcassets */,
				6DCBFEF0252E332200D351A7 /* LaunchScreen.storyboard */,
				6DCBFEF3252E332200D351A7 /* Info.plist */,
			);
			path = "Support Files";
			sourceTree = "<group>";
		};
		6DCBFEFB252E410100D351A7 /* Application Navigation */ = {
			isa = PBXGroup;
			children = (
				6DCBFEFC252E412000D351A7 /* StoryboardInstantiable.swift */,
				6DCBFEFE252E420800D351A7 /* StoryboardProvider.swift */,
				6DCBFF00252E422300D351A7 /* Storyboard.swift */,
			);
			path = "Application Navigation";
			sourceTree = "<group>";
		};
		6DCBFF02252E474000D351A7 /* Utilities */ = {
			isa = PBXGroup;
			children = (
				6DCBFF03252E475700D351A7 /* View Reusability */,
				6DCBFF08252E489000D351A7 /* Extensions */,
			);
			path = Utilities;
			sourceTree = "<group>";
		};
		6DCBFF03252E475700D351A7 /* View Reusability */ = {
			isa = PBXGroup;
			children = (
				6DCBFF04252E478000D351A7 /* ReusableView.swift */,
				6DCBFF06252E479200D351A7 /* NibLoadableView.swift */,
			);
			path = "View Reusability";
			sourceTree = "<group>";
		};
		6DCBFF08252E489000D351A7 /* Extensions */ = {
			isa = PBXGroup;
			children = (
				6DCBFF09252E48B000D351A7 /* UITableViewExtension.swift */,
			);
			path = Extensions;
			sourceTree = "<group>";
		};
/* End PBXGroup section */

/* Begin PBXNativeTarget section */
		6DCBFEE1252E332100D351A7 /* TheMovieDB */ = {
			isa = PBXNativeTarget;
			buildConfigurationList = 6DCBFEF6252E332200D351A7 /* Build configuration list for PBXNativeTarget "TheMovieDB" */;
			buildPhases = (
				6DCBFEDE252E332100D351A7 /* Sources */,
				6DCBFEDF252E332100D351A7 /* Frameworks */,
				6DCBFEE0252E332100D351A7 /* Resources */,
			);
			buildRules = (
			);
			dependencies = (
			);
			name = TheMovieDB;
			productName = TheMovieDB;
			productReference = 6DCBFEE2252E332100D351A7 /* TMDB.app */;
			productType = "com.apple.product-type.application";
		};
/* End PBXNativeTarget section */

/* Begin PBXProject section */
		6DCBFEDA252E332100D351A7 /* Project object */ = {
			isa = PBXProject;
			attributes = {
				LastSwiftUpdateCheck = 1150;
				LastUpgradeCheck = 1150;
				ORGANIZATIONNAME = "Ashish Badak";
				TargetAttributes = {
					6DCBFEE1252E332100D351A7 = {
						CreatedOnToolsVersion = 11.5;
					};
				};
			};
			buildConfigurationList = 6DCBFEDD252E332100D351A7 /* Build configuration list for PBXProject "TheMovieDB" */;
			compatibilityVersion = "Xcode 9.3";
			developmentRegion = en;
			hasScannedForEncodings = 0;
			knownRegions = (
				en,
				Base,
			);
			mainGroup = 6DCBFED9252E332100D351A7;
			productRefGroup = 6DCBFEE3252E332100D351A7 /* Products */;
			projectDirPath = "";
			projectRoot = "";
			targets = (
				6DCBFEE1252E332100D351A7 /* TheMovieDB */,
			);
		};
/* End PBXProject section */

/* Begin PBXResourcesBuildPhase section */
		6DCBFEE0252E332100D351A7 /* Resources */ = {
			isa = PBXResourcesBuildPhase;
			buildActionMask = 2147483647;
			files = (
				6DCBFEF2252E332200D351A7 /* LaunchScreen.storyboard in Resources */,
				6DCBFEEF252E332200D351A7 /* Assets.xcassets in Resources */,
				6DCBFEED252E332100D351A7 /* Main.storyboard in Resources */,
			);
			runOnlyForDeploymentPostprocessing = 0;
		};
/* End PBXResourcesBuildPhase section */

/* Begin PBXSourcesBuildPhase section */
		6DCBFEDE252E332100D351A7 /* Sources */ = {
			isa = PBXSourcesBuildPhase;
			buildActionMask = 2147483647;
			files = (
				6DCBFEEA252E332100D351A7 /* ViewController.swift in Sources */,
				6DCBFF01252E422300D351A7 /* Storyboard.swift in Sources */,
				6DCBFF07252E479200D351A7 /* NibLoadableView.swift in Sources */,
				6DCBFF0A252E48B000D351A7 /* UITableViewExtension.swift in Sources */,
				6DCBFEFD252E412000D351A7 /* StoryboardInstantiable.swift in Sources */,
				6DCBFF05252E478000D351A7 /* ReusableView.swift in Sources */,
				6DCBFEE6252E332100D351A7 /* AppDelegate.swift in Sources */,
				6DCBFEFF252E420800D351A7 /* StoryboardProvider.swift in Sources */,
			);
			runOnlyForDeploymentPostprocessing = 0;
		};
/* End PBXSourcesBuildPhase section */

/* Begin PBXVariantGroup section */
		6DCBFEEB252E332100D351A7 /* Main.storyboard */ = {
			isa = PBXVariantGroup;
			children = (
				6DCBFEEC252E332100D351A7 /* Base */,
			);
			name = Main.storyboard;
			sourceTree = "<group>";
		};
		6DCBFEF0252E332200D351A7 /* LaunchScreen.storyboard */ = {
			isa = PBXVariantGroup;
			children = (
				6DCBFEF1252E332200D351A7 /* Base */,
			);
			name = LaunchScreen.storyboard;
			sourceTree = "<group>";
		};
/* End PBXVariantGroup section */

/* Begin XCBuildConfiguration section */
		6DCBFEF4252E332200D351A7 /* Debug */ = {
			isa = XCBuildConfiguration;
			buildSettings = {
				ALWAYS_SEARCH_USER_PATHS = NO;
				CLANG_ANALYZER_NONNULL = YES;
				CLANG_ANALYZER_NUMBER_OBJECT_CONVERSION = YES_AGGRESSIVE;
				CLANG_CXX_LANGUAGE_STANDARD = "gnu++14";
				CLANG_CXX_LIBRARY = "libc++";
				CLANG_ENABLE_MODULES = YES;
				CLANG_ENABLE_OBJC_ARC = YES;
				CLANG_ENABLE_OBJC_WEAK = YES;
				CLANG_WARN_BLOCK_CAPTURE_AUTORELEASING = YES;
				CLANG_WARN_BOOL_CONVERSION = YES;
				CLANG_WARN_COMMA = YES;
				CLANG_WARN_CONSTANT_CONVERSION = YES;
				CLANG_WARN_DEPRECATED_OBJC_IMPLEMENTATIONS = YES;
				CLANG_WARN_DIRECT_OBJC_ISA_USAGE = YES_ERROR;
				CLANG_WARN_DOCUMENTATION_COMMENTS = YES;
				CLANG_WARN_EMPTY_BODY = YES;
				CLANG_WARN_ENUM_CONVERSION = YES;
				CLANG_WARN_INFINITE_RECURSION = YES;
				CLANG_WARN_INT_CONVERSION = YES;
				CLANG_WARN_NON_LITERAL_NULL_CONVERSION = YES;
				CLANG_WARN_OBJC_IMPLICIT_RETAIN_SELF = YES;
				CLANG_WARN_OBJC_LITERAL_CONVERSION = YES;
				CLANG_WARN_OBJC_ROOT_CLASS = YES_ERROR;
				CLANG_WARN_RANGE_LOOP_ANALYSIS = YES;
				CLANG_WARN_STRICT_PROTOTYPES = YES;
				CLANG_WARN_SUSPICIOUS_MOVE = YES;
				CLANG_WARN_UNGUARDED_AVAILABILITY = YES_AGGRESSIVE;
				CLANG_WARN_UNREACHABLE_CODE = YES;
				CLANG_WARN__DUPLICATE_METHOD_MATCH = YES;
				COPY_PHASE_STRIP = NO;
				DEBUG_INFORMATION_FORMAT = dwarf;
				ENABLE_STRICT_OBJC_MSGSEND = YES;
				ENABLE_TESTABILITY = YES;
				GCC_C_LANGUAGE_STANDARD = gnu11;
				GCC_DYNAMIC_NO_PIC = NO;
				GCC_NO_COMMON_BLOCKS = YES;
				GCC_OPTIMIZATION_LEVEL = 0;
				GCC_PREPROCESSOR_DEFINITIONS = (
					"DEBUG=1",
					"$(inherited)",
				);
				GCC_WARN_64_TO_32_BIT_CONVERSION = YES;
				GCC_WARN_ABOUT_RETURN_TYPE = YES_ERROR;
				GCC_WARN_UNDECLARED_SELECTOR = YES;
				GCC_WARN_UNINITIALIZED_AUTOS = YES_AGGRESSIVE;
				GCC_WARN_UNUSED_FUNCTION = YES;
				GCC_WARN_UNUSED_VARIABLE = YES;
				IPHONEOS_DEPLOYMENT_TARGET = 13.5;
				MTL_ENABLE_DEBUG_INFO = INCLUDE_SOURCE;
				MTL_FAST_MATH = YES;
				ONLY_ACTIVE_ARCH = YES;
				SDKROOT = iphoneos;
				SWIFT_ACTIVE_COMPILATION_CONDITIONS = DEBUG;
				SWIFT_OPTIMIZATION_LEVEL = "-Onone";
			};
			name = Debug;
		};
		6DCBFEF5252E332200D351A7 /* Release */ = {
			isa = XCBuildConfiguration;
			buildSettings = {
				ALWAYS_SEARCH_USER_PATHS = NO;
				CLANG_ANALYZER_NONNULL = YES;
				CLANG_ANALYZER_NUMBER_OBJECT_CONVERSION = YES_AGGRESSIVE;
				CLANG_CXX_LANGUAGE_STANDARD = "gnu++14";
				CLANG_CXX_LIBRARY = "libc++";
				CLANG_ENABLE_MODULES = YES;
				CLANG_ENABLE_OBJC_ARC = YES;
				CLANG_ENABLE_OBJC_WEAK = YES;
				CLANG_WARN_BLOCK_CAPTURE_AUTORELEASING = YES;
				CLANG_WARN_BOOL_CONVERSION = YES;
				CLANG_WARN_COMMA = YES;
				CLANG_WARN_CONSTANT_CONVERSION = YES;
				CLANG_WARN_DEPRECATED_OBJC_IMPLEMENTATIONS = YES;
				CLANG_WARN_DIRECT_OBJC_ISA_USAGE = YES_ERROR;
				CLANG_WARN_DOCUMENTATION_COMMENTS = YES;
				CLANG_WARN_EMPTY_BODY = YES;
				CLANG_WARN_ENUM_CONVERSION = YES;
				CLANG_WARN_INFINITE_RECURSION = YES;
				CLANG_WARN_INT_CONVERSION = YES;
				CLANG_WARN_NON_LITERAL_NULL_CONVERSION = YES;
				CLANG_WARN_OBJC_IMPLICIT_RETAIN_SELF = YES;
				CLANG_WARN_OBJC_LITERAL_CONVERSION = YES;
				CLANG_WARN_OBJC_ROOT_CLASS = YES_ERROR;
				CLANG_WARN_RANGE_LOOP_ANALYSIS = YES;
				CLANG_WARN_STRICT_PROTOTYPES = YES;
				CLANG_WARN_SUSPICIOUS_MOVE = YES;
				CLANG_WARN_UNGUARDED_AVAILABILITY = YES_AGGRESSIVE;
				CLANG_WARN_UNREACHABLE_CODE = YES;
				CLANG_WARN__DUPLICATE_METHOD_MATCH = YES;
				COPY_PHASE_STRIP = NO;
				DEBUG_INFORMATION_FORMAT = "dwarf-with-dsym";
				ENABLE_NS_ASSERTIONS = NO;
				ENABLE_STRICT_OBJC_MSGSEND = YES;
				GCC_C_LANGUAGE_STANDARD = gnu11;
				GCC_NO_COMMON_BLOCKS = YES;
				GCC_WARN_64_TO_32_BIT_CONVERSION = YES;
				GCC_WARN_ABOUT_RETURN_TYPE = YES_ERROR;
				GCC_WARN_UNDECLARED_SELECTOR = YES;
				GCC_WARN_UNINITIALIZED_AUTOS = YES_AGGRESSIVE;
				GCC_WARN_UNUSED_FUNCTION = YES;
				GCC_WARN_UNUSED_VARIABLE = YES;
				IPHONEOS_DEPLOYMENT_TARGET = 13.5;
				MTL_ENABLE_DEBUG_INFO = NO;
				MTL_FAST_MATH = YES;
				SDKROOT = iphoneos;
				SWIFT_COMPILATION_MODE = wholemodule;
				SWIFT_OPTIMIZATION_LEVEL = "-O";
				VALIDATE_PRODUCT = YES;
			};
			name = Release;
		};
		6DCBFEF7252E332200D351A7 /* Debug */ = {
			isa = XCBuildConfiguration;
			buildSettings = {
				ASSETCATALOG_COMPILER_APPICON_NAME = AppIcon;
				CODE_SIGN_STYLE = Automatic;
				DEVELOPMENT_TEAM = 5N4LHF5GU6;
				INFOPLIST_FILE = "TheMovieDB/Support Files/Info.plist";
				IPHONEOS_DEPLOYMENT_TARGET = 12.0;
				LD_RUNPATH_SEARCH_PATHS = (
					"$(inherited)",
					"@executable_path/Frameworks",
				);
				PRODUCT_BUNDLE_IDENTIFIER = com.ashbadak.TheMovieDB;
				PRODUCT_NAME = TMDB;
				SWIFT_VERSION = 5.0;
				TARGETED_DEVICE_FAMILY = 1;
			};
			name = Debug;
		};
		6DCBFEF8252E332200D351A7 /* Release */ = {
			isa = XCBuildConfiguration;
			buildSettings = {
				ASSETCATALOG_COMPILER_APPICON_NAME = AppIcon;
				CODE_SIGN_STYLE = Automatic;
				DEVELOPMENT_TEAM = 5N4LHF5GU6;
				INFOPLIST_FILE = "TheMovieDB/Support Files/Info.plist";
				IPHONEOS_DEPLOYMENT_TARGET = 12.0;
				LD_RUNPATH_SEARCH_PATHS = (
					"$(inherited)",
					"@executable_path/Frameworks",
				);
				PRODUCT_BUNDLE_IDENTIFIER = com.ashbadak.TheMovieDB;
				PRODUCT_NAME = TMDB;
				SWIFT_VERSION = 5.0;
				TARGETED_DEVICE_FAMILY = 1;
			};
			name = Release;
		};
/* End XCBuildConfiguration section */

/* Begin XCConfigurationList section */
		6DCBFEDD252E332100D351A7 /* Build configuration list for PBXProject "TheMovieDB" */ = {
			isa = XCConfigurationList;
			buildConfigurations = (
				6DCBFEF4252E332200D351A7 /* Debug */,
				6DCBFEF5252E332200D351A7 /* Release */,
			);
			defaultConfigurationIsVisible = 0;
			defaultConfigurationName = Release;
		};
		6DCBFEF6252E332200D351A7 /* Build configuration list for PBXNativeTarget "TheMovieDB" */ = {
			isa = XCConfigurationList;
			buildConfigurations = (
				6DCBFEF7252E332200D351A7 /* Debug */,
				6DCBFEF8252E332200D351A7 /* Release */,
			);
			defaultConfigurationIsVisible = 0;
			defaultConfigurationName = Release;
		};
/* End XCConfigurationList section */
	};
	rootObject = 6DCBFEDA252E332100D351A7 /* Project object */;
}
